github.com/google/shlex v0.0.0-20191202100458-e7afc7fbc510 h1:El6M4kTTCOh6aBiKaUGG7oYTSPP8MxqL4YI3kZKwcP4=
github.com/google/shlex v0.0.0-20191202100458-e7afc7fbc510/go.mod h1:pupxD2MaaD3pAXIBCelhxNneeOaAeabZDe5s4K6zSpQ=
github.com/tftp-go-team/libgotftp v0.0.0-20160115164016-99de0d58e1b9 h1:OM0wxbfcSN8wHp4nvvxpW9Horlvkp7FgndGNXhjoP8s=
github.com/tftp-go-team/libgotftp v0.0.0-20160115164016-99de0d58e1b9/go.mod h1:cfvBegOY4cEfGffFkN7AdLZtFY1jo6gXMHCB15Ir72k=
golang.org/x/sys v0.0.0-20200420163511-1957bb5e6d1f h1:gWF768j/LaZugp8dyS4UwsslYCYz9XgFxvlgsn0n9H8=
golang.org/x/sys v0.0.0-20200420163511-1957bb5e6d1f/go.mod h1:h1NjWce9XRLGQEsW7wpKNCjG9DtNlClVuFLEZdDNbEs=
launchpad.net/gocheck v0.0.0-20140225173054-000000000087 h1:Izowp2XBH6Ya6rv+hqbceQyw/gSGoXfH/UPoTGduL54=
launchpad.net/gocheck v0.0.0-20140225173054-000000000087/go.mod h1:hj7XX3B/0A+80Vse0e+BUHsHMTEhd0O4cpUHr/e/BUM=
launchpad.net/goyaml v0.0.0-20140305200416-000000000051 h1:pgtOxpWGtZwl5VEGtXB3s+VPsO3QzsZPg4/AS0Ag9HI=
launchpad.net/goyaml v0.0.0-20140305200416-000000000051/go.mod h1:HivH2TsqnIPviNUySFrCE+pbgbJCjrnMj2QH74o4y+w=
